
Microsoft Visual Studio Solution File, Format Version 12.00
# Visual Studio Version 16
VisualStudioVersion = 16.0.30509.190
MinimumVisualStudioVersion = 10.0.40219.1
Project("{9A19103F-16F7-4668-BE54-9A1E7A4F7556}") = "PixelDownloader", "PixelDownloader\PixelDownloader.csproj", "{109405F1-E3E8-42E2-9576-A16B77090607}"
EndProject
Global
	GlobalSection(SolutionConfigurationPlatforms) = preSolution
		Debug|Any CPU = Debug|Any CPU
		Debug|x64 = Debug|x64
		Release|Any CPU = Release|Any CPU
		Release|x64 = Release|x64
	EndGlobalSection
	GlobalSection(ProjectConfigurationPlatforms) = postSolution
		{109405F1-E3E8-42E2-9576-A16B77090607}.Debug|Any CPU.ActiveCfg = Debug|Any CPU
		{109405F1-E3E8-42E2-9576-A16B77090607}.Debug|Any CPU.Build.0 = Debug|Any CPU
		{109405F1-E3E8-42E2-9576-A16B77090607}.Debug|x64.ActiveCfg = Debug|x64
		{109405F1-E3E8-42E2-9576-A16B77090607}.Debug|x64.Build.0 = Debug|x64
		{109405F1-E3E8-42E2-9576-A16B77090607}.Release|Any CPU.ActiveCfg = Release|Any CPU
		{109405F1-E3E8-42E2-9576-A16B77090607}.Release|Any CPU.Build.0 = Release|Any CPU
		{109405F1-E3E8-42E2-9576-A16B77090607}.Release|x64.ActiveCfg = Release|x64
		{109405F1-E3E8-42E2-9576-A16B77090607}.Release|x64.Build.0 = Release|x64
	EndGlobalSection
	GlobalSection(SolutionProperties) = preSolution
		HideSolutionNode = FALSE
	EndGlobalSection
	GlobalSection(ExtensibilityGlobals) = postSolution
		SolutionGuid = {E1F95011-D8EF-4964-B024-57641F31A2BD}
	EndGlobalSection
EndGlobal
